%{
  "castore": {:git, "https://github.com/elixir-mint/castore.git", "a777909c185ca3e2e2099770dedd78c2077eab60", [branch: "main"]},
  "cc_precompiler": {:git, "https://github.com/cocoa-xu/cc_precompiler.git", "8a780169bc96cdcc72e45c002f283760dd0cf096", [branch: "main"]},
  "db_connection": {:git, "https://github.com/elixir-ecto/db_connection.git", "6c4e5c2a3eec47a80537704187e314dbeb6cfbe4", [branch: "master"]},
  "decimal": {:git, "https://github.com/ericmj/decimal.git", "4c521da69667a3cd466f597c64109ee4f148b843", [branch: "main"]},
  "ecto": {:git, "https://github.com/elixir-ecto/ecto.git", "10b337297e24fc0e1e7699467f1395a7751fa9aa", [branch: "master"]},
  "ecto_sql": {:git, "https://github.com/elixir-ecto/ecto_sql.git", "39543143c3223f6de380e299b3da3d8936f17ac5", [branch: "master"]},
  "ecto_sqlite3": {:git, "https://github.com/elixir-sqlite/ecto_sqlite3.git", "cddc957b7e5cd0442bb974215858099c2bec8a92", [branch: "main"]},
  "elixir_make": {:git, "https://github.com/elixir-lang/elixir_make.git", "dc0b4f9d41dd3f5f6f63a52cf8e279c151244016", [branch: "master"]},
  "ex_gram": {:git, "https://github.com/rockneurotiko/ex_gram.git", "91f08fde5dc5755728e68f6d541c520cec1cc040", [branch: "master"]},
  "exqlite": {:git, "https://github.com/elixir-sqlite/exqlite.git", "dcd9f7c0db6c01bcbea2d7d7e29b4cd6a6bad6bf", [branch: "main"]},
  "finch": {:git, "https://github.com/sneako/finch.git", "3191809d5e08ec7accad9f1b7bf9e000aa89bbe8", [branch: "main"]},
  "hpax": {:git, "https://github.com/elixir-mint/hpax.git", "6b4d69c022f69c3e3b09217817a276f3cef20726", [branch: "main"]},
  "jason": {:git, "https://github.com/michalmuskala/jason.git", "4ede42858eb19f80ec9e863aab52df466eab8608", [branch: "master"]},
  "mime": {:git, "https://github.com/elixir-plug/mime.git", "354c42636eada31d2cfc41717f9256677689a919", [branch: "master"]},
  "mint": {:git, "https://github.com/elixir-mint/mint.git", "ef8f3a1160ee579d1a0db6311eb02ea63e7cc151", [branch: "main"]},
  "nimble_options": {:git, "https://github.com/dashbitco/nimble_options.git", "f16af25ba00eb199f76718dcd6968acd3533ed19", [branch: "main"]},
  "nimble_ownership": {:git, "https://github.com/dashbitco/nimble_ownership.git", "aae5905934bfa9b0dfaf4a7ee7a99d7d1f237201", [branch: "main"]},
  "nimble_pool": {:git, "https://github.com/dashbitco/nimble_pool.git", "ca7e7bd14936dcf9c1d9a21e08bad092cccd99cc", [branch: "main"]},
  "req": {:git, "https://github.com/wojtekmach/req.git", "923aacfa963c0f0f545b385a86d49e6ab29af7de", [branch: "main"]},
  "telemetry": {:git, "https://github.com/beam-telemetry/telemetry.git", "7baf8085e406d5ae9e43b284d7c866742ae04b28", [branch: "main"]},
}
